
Microsoft Visual Studio Solution File, Format Version 12.00
# Visual Studio Version 17
VisualStudioVersion = 17.0.31903.59
MinimumVisualStudioVersion = 10.0.40219.1
Project("{2150E333-8FDC-42A3-9474-1A3956D46DE8}") = "01 - Solution Items", "01 - Solution Items", "{B808A944-B8D2-4E62-8246-464C5420D060}"
	ProjectSection(SolutionItems) = preProject
		.editorconfig = .editorconfig
		.gitattributes = .gitattributes
		.gitignore = .gitignore
		Solution.props = Solution.props
		Solution.targets = Solution.targets
		global.json = global.json
		LICENSE = LICENSE
		README.md = README.md
	EndProjectSection
EndProject
Project("{2150E333-8FDC-42A3-9474-1A3956D46DE8}") = "02 - Projects", "02 - Projects", "{E82F3E77-0057-49CF-89A6-1F18B6B0FA8A}"
	ProjectSection(SolutionItems) = preProject
	EndProjectSection
EndProject
Project("{FAE04EC0-301F-11D3-BF4B-00C04F79EFBC}") = "DKrOSS.DotNet.Tools.Upload", "src\Upload\packageref\DKrOSS.DotNet.Tools.Upload.csproj", "{87A60E9D-B86D-403E-9D7E-29ED4836E9F7}"
EndProject
Global
	GlobalSection(SolutionConfigurationPlatforms) = preSolution
		Debug|Any CPU = Debug|Any CPU
		Release|Any CPU = Release|Any CPU
	EndGlobalSection
	GlobalSection(SolutionProperties) = preSolution
		HideSolutionNode = FALSE
	EndGlobalSection
	GlobalSection(NestedProjects) = preSolution
		{87A60E9D-B86D-403E-9D7E-29ED4836E9F7} = {E82F3E77-0057-49CF-89A6-1F18B6B0FA8A}
	EndGlobalSection
	GlobalSection(ProjectConfigurationPlatforms) = postSolution
		{87A60E9D-B86D-403E-9D7E-29ED4836E9F7}.Debug|Any CPU.ActiveCfg = Debug|Any CPU
		{87A60E9D-B86D-403E-9D7E-29ED4836E9F7}.Debug|Any CPU.Build.0 = Debug|Any CPU
		{87A60E9D-B86D-403E-9D7E-29ED4836E9F7}.Release|Any CPU.ActiveCfg = Release|Any CPU
		{87A60E9D-B86D-403E-9D7E-29ED4836E9F7}.Release|Any CPU.Build.0 = Release|Any CPU
	EndGlobalSection
EndGlobal
